
Microsoft Visual Studio Solution File, Format Version 12.00
# Visual Studio Version 16
VisualStudioVersion = 16.0.33927.289
MinimumVisualStudioVersion = 10.0.40219.1
Project("{2150E333-8FDC-42A3-9474-1A3956D46DE8}") = "Task 0", "Task 0", "{D5CE56CB-E307-45E4-A9FF-272AD209F316}"
EndProject
Project("{FAE04EC0-301F-11D3-BF4B-00C04F79EFBC}") = "Tyuiu.BotanogovDS.Sprint2.Task0.V28", "Tyuiu.BotanogovDS.Sprint2.V28\Tyuiu.BotanogovDS.Sprint2.Task0.V28.csproj", "{07BEC236-D327-4072-9E26-B44B17AA0F29}"
EndProject
Project("{FAE04EC0-301F-11D3-BF4B-00C04F79EFBC}") = "Tyuiu.BotanogovDS.Sprint2.Task0.V28.Lib", "Tyuiu.BotanogovDS.Sprint2.V28.Lib\Tyuiu.BotanogovDS.Sprint2.Task0.V28.Lib.csproj", "{D15DFF22-0C23-41BD-86D2-2FF1E6568D32}"
EndProject
Project("{FAE04EC0-301F-11D3-BF4B-00C04F79EFBC}") = "Tyuiu.BotanogovDS.Sprint2.Task0.V28.Test", "Tyuiu.BotanogovDS.Sprint2.V28.Test\Tyuiu.BotanogovDS.Sprint2.Task0.V28.Test.csproj", "{C801B43D-C664-460C-8923-170D829C4C1D}"
EndProject
Project("{2150E333-8FDC-42A3-9474-1A3956D46DE8}") = "Task 1", "Task 1", "{7418924D-1F3D-4586-AAFF-5865706100C5}"
EndProject
Project("{2150E333-8FDC-42A3-9474-1A3956D46DE8}") = "Task 2", "Task 2", "{7953BA7B-9B16-48BE-B184-64B76ADA1B5A}"
EndProject
Project("{2150E333-8FDC-42A3-9474-1A3956D46DE8}") = "Task 3", "Task 3", "{827B93BC-51CA-4972-AF39-A22BB4E47384}"
EndProject
Project("{2150E333-8FDC-42A3-9474-1A3956D46DE8}") = "Task 4", "Task 4", "{763DB3AA-A889-46FB-B7AC-FB85BF6BBE87}"
EndProject
Project("{2150E333-8FDC-42A3-9474-1A3956D46DE8}") = "Task 5", "Task 5", "{425B7C77-6BE5-4697-B636-6D0BB121469D}"
EndProject
Project("{2150E333-8FDC-42A3-9474-1A3956D46DE8}") = "Task 6", "Task 6", "{47A67179-0605-4B63-B9BE-130239022E46}"
EndProject
Project("{2150E333-8FDC-42A3-9474-1A3956D46DE8}") = "Task 7", "Task 7", "{4CEFE9E2-8BE0-49CD-9816-18DFCF73905E}"
EndProject
Project("{FAE04EC0-301F-11D3-BF4B-00C04F79EFBC}") = "Tyuiu.BotanogovDS.Sprint2.Task1.V25.Test", "Tyuiu.BotanogovDS.Sprint2.Task1.V25.Test\Tyuiu.BotanogovDS.Sprint2.Task1.V25.Test.csproj", "{67F169AB-E06B-4878-BE32-DA0BBD699461}"
EndProject
Project("{FAE04EC0-301F-11D3-BF4B-00C04F79EFBC}") = "Tyuiu.BotanogovDS.Sprint2.Task1.V25.Lib", "Tyuiu.BotanogovDS.Sprint2.Task1.V25.Lib\Tyuiu.BotanogovDS.Sprint2.Task1.V25.Lib.csproj", "{E098F299-13EC-447F-8D3E-03CC755F4578}"
EndProject
Project("{FAE04EC0-301F-11D3-BF4B-00C04F79EFBC}") = "Tyuiu.BotanogovDS.Sprint2.Task1.V25", "Tyuiu.BotanogovDS.Sprint2.Task1.V25\Tyuiu.BotanogovDS.Sprint2.Task1.V25.csproj", "{061BBAED-9644-4A4B-8503-D3AC9C8E2CE7}"
EndProject
Project("{FAE04EC0-301F-11D3-BF4B-00C04F79EFBC}") = "Tyuiu.BotanogovDS.Sprint2.Task2.V12", "Tyuiu.BotanogovDS.Sprint2.Task2.V12\Tyuiu.BotanogovDS.Sprint2.Task2.V12.csproj", "{62BB9CAB-4A81-4C4A-A37C-08C2B7843DCC}"
EndProject
Project("{FAE04EC0-301F-11D3-BF4B-00C04F79EFBC}") = "Tyuiu.BotanogovDS.Sprint2.Task2.V12.Lib", "Tyuiu.BotanogovDS.Sprint2.Task2.V12.Lib\Tyuiu.BotanogovDS.Sprint2.Task2.V12.Lib.csproj", "{EC0B4D33-406A-4F1F-8760-7CB807649D83}"
EndProject
Project("{FAE04EC0-301F-11D3-BF4B-00C04F79EFBC}") = "Tyuiu.BotanogovDS.Sprint2.Task2.V12.Test", "Tyuiu.BotanogovDS.Sprint2.Task2.V12.Test\Tyuiu.BotanogovDS.Sprint2.Task2.V12.Test.csproj", "{6C8D9C21-99E2-4144-B6F0-214A66C12BF0}"
EndProject
Project("{FAE04EC0-301F-11D3-BF4B-00C04F79EFBC}") = "Tyuiu.BotanogovDS.Sprint2.Task3.V6.Test", "Tyuiu.BotanogovDS.Sprint2.Task3.V6.Test\Tyuiu.BotanogovDS.Sprint2.Task3.V6.Test.csproj", "{F1E90C17-9922-4702-A888-E6A2EEB75AAA}"
EndProject
Project("{FAE04EC0-301F-11D3-BF4B-00C04F79EFBC}") = "Tyuiu.BotanogovDS.Sprint2.Task3.V6.Lib", "Tyuiu.BotanogovDS.Sprint2.Task3.V6.Lib\Tyuiu.BotanogovDS.Sprint2.Task3.V6.Lib.csproj", "{629E4C69-FB29-4375-ABD9-F0D08D15C7D5}"
EndProject
Project("{FAE04EC0-301F-11D3-BF4B-00C04F79EFBC}") = "Tyuiu.BotanogovDS.Sprint2.Task3.V6", "Tyuiu.BotanogovDS.Sprint2.Task3.V6\Tyuiu.BotanogovDS.Sprint2.Task3.V6.csproj", "{1A9031EE-1452-47B1-9661-A41DD654D818}"
EndProject
Project("{FAE04EC0-301F-11D3-BF4B-00C04F79EFBC}") = "Tyuiu.BotanogovDS.Sprint2.Task4.V9", "Tyuiu.BotanogovDS.Sprint2.Task4.V9\Tyuiu.BotanogovDS.Sprint2.Task4.V9.csproj", "{9A880A73-A890-4E71-92C8-CD4616A20238}"
EndProject
Project("{FAE04EC0-301F-11D3-BF4B-00C04F79EFBC}") = "Tyuiu.BotanogovDS.Sprint2.Task4.V9.Lib", "Tyuiu.BotanogovDS.Sprint2.Task4.V9.Lib\Tyuiu.BotanogovDS.Sprint2.Task4.V9.Lib.csproj", "{4D87C9AA-72ED-4280-B6CC-6D78662B6F91}"
EndProject
Project("{FAE04EC0-301F-11D3-BF4B-00C04F79EFBC}") = "Tyuiu.BotanogovDS.Sprint2.Task4.V9.Test", "Tyuiu.BotanogovDS.Sprint2.Task4.V9.Test\Tyuiu.BotanogovDS.Sprint2.Task4.V9.Test.csproj", "{1FC9E604-5FBF-4791-9AC1-AC1F295729C1}"
EndProject
Project("{FAE04EC0-301F-11D3-BF4B-00C04F79EFBC}") = "Tyuiu.BotanogovDS.Sprint2.Task5.V14", "Tyuiu.BotanogovDS.Sprint2.Task5.V14\Tyuiu.BotanogovDS.Sprint2.Task5.V14.csproj", "{A0AF0B6E-B376-4308-B012-FE49783FA3C9}"
EndProject
Project("{FAE04EC0-301F-11D3-BF4B-00C04F79EFBC}") = "Tyuiu.BotanogovDS.Sprint2.Task5.V14.Test", "Tyuiu.BotanogovDS.Sprint2.Task5.V14.Test\Tyuiu.BotanogovDS.Sprint2.Task5.V14.Test.csproj", "{1090669B-01B3-4AC8-85BE-F5DB4B43A629}"
EndProject
Project("{FAE04EC0-301F-11D3-BF4B-00C04F79EFBC}") = "Tyuiu.BotanogovDS.Sprint2.Task5.V14.Lib", "Tyuiu.BotanogovDS.Sprint2.Task5.V14.Lib\Tyuiu.BotanogovDS.Sprint2.Task5.V14.Lib.csproj", "{100C7F6A-CB60-43E4-A20D-7D44DEB42FEB}"
EndProject
Global
	GlobalSection(SolutionConfigurationPlatforms) = preSolution
		Debug|Any CPU = Debug|Any CPU
		Release|Any CPU = Release|Any CPU
	EndGlobalSection
	GlobalSection(ProjectConfigurationPlatforms) = postSolution
		{07BEC236-D327-4072-9E26-B44B17AA0F29}.Debug|Any CPU.ActiveCfg = Debug|Any CPU
		{07BEC236-D327-4072-9E26-B44B17AA0F29}.Debug|Any CPU.Build.0 = Debug|Any CPU
		{07BEC236-D327-4072-9E26-B44B17AA0F29}.Release|Any CPU.ActiveCfg = Release|Any CPU
		{07BEC236-D327-4072-9E26-B44B17AA0F29}.Release|Any CPU.Build.0 = Release|Any CPU
		{D15DFF22-0C23-41BD-86D2-2FF1E6568D32}.Debug|Any CPU.ActiveCfg = Debug|Any CPU
		{D15DFF22-0C23-41BD-86D2-2FF1E6568D32}.Debug|Any CPU.Build.0 = Debug|Any CPU
		{D15DFF22-0C23-41BD-86D2-2FF1E6568D32}.Release|Any CPU.ActiveCfg = Release|Any CPU
		{D15DFF22-0C23-41BD-86D2-2FF1E6568D32}.Release|Any CPU.Build.0 = Release|Any CPU
		{C801B43D-C664-460C-8923-170D829C4C1D}.Debug|Any CPU.ActiveCfg = Debug|Any CPU
		{C801B43D-C664-460C-8923-170D829C4C1D}.Debug|Any CPU.Build.0 = Debug|Any CPU
		{C801B43D-C664-460C-8923-170D829C4C1D}.Release|Any CPU.ActiveCfg = Release|Any CPU
		{C801B43D-C664-460C-8923-170D829C4C1D}.Release|Any CPU.Build.0 = Release|Any CPU
		{67F169AB-E06B-4878-BE32-DA0BBD699461}.Debug|Any CPU.ActiveCfg = Debug|Any CPU
		{67F169AB-E06B-4878-BE32-DA0BBD699461}.Debug|Any CPU.Build.0 = Debug|Any CPU
		{67F169AB-E06B-4878-BE32-DA0BBD699461}.Release|Any CPU.ActiveCfg = Release|Any CPU
		{67F169AB-E06B-4878-BE32-DA0BBD699461}.Release|Any CPU.Build.0 = Release|Any CPU
		{E098F299-13EC-447F-8D3E-03CC755F4578}.Debug|Any CPU.ActiveCfg = Debug|Any CPU
		{E098F299-13EC-447F-8D3E-03CC755F4578}.Debug|Any CPU.Build.0 = Debug|Any CPU
		{E098F299-13EC-447F-8D3E-03CC755F4578}.Release|Any CPU.ActiveCfg = Release|Any CPU
		{E098F299-13EC-447F-8D3E-03CC755F4578}.Release|Any CPU.Build.0 = Release|Any CPU
		{061BBAED-9644-4A4B-8503-D3AC9C8E2CE7}.Debug|Any CPU.ActiveCfg = Debug|Any CPU
		{061BBAED-9644-4A4B-8503-D3AC9C8E2CE7}.Debug|Any CPU.Build.0 = Debug|Any CPU
		{061BBAED-9644-4A4B-8503-D3AC9C8E2CE7}.Release|Any CPU.ActiveCfg = Release|Any CPU
		{061BBAED-9644-4A4B-8503-D3AC9C8E2CE7}.Release|Any CPU.Build.0 = Release|Any CPU
		{62BB9CAB-4A81-4C4A-A37C-08C2B7843DCC}.Debug|Any CPU.ActiveCfg = Debug|Any CPU
		{62BB9CAB-4A81-4C4A-A37C-08C2B7843DCC}.Debug|Any CPU.Build.0 = Debug|Any CPU
		{62BB9CAB-4A81-4C4A-A37C-08C2B7843DCC}.Release|Any CPU.ActiveCfg = Release|Any CPU
		{62BB9CAB-4A81-4C4A-A37C-08C2B7843DCC}.Release|Any CPU.Build.0 = Release|Any CPU
		{EC0B4D33-406A-4F1F-8760-7CB807649D83}.Debug|Any CPU.ActiveCfg = Debug|Any CPU
		{EC0B4D33-406A-4F1F-8760-7CB807649D83}.Debug|Any CPU.Build.0 = Debug|Any CPU
		{EC0B4D33-406A-4F1F-8760-7CB807649D83}.Release|Any CPU.ActiveCfg = Release|Any CPU
		{EC0B4D33-406A-4F1F-8760-7CB807649D83}.Release|Any CPU.Build.0 = Release|Any CPU
		{6C8D9C21-99E2-4144-B6F0-214A66C12BF0}.Debug|Any CPU.ActiveCfg = Debug|Any CPU
		{6C8D9C21-99E2-4144-B6F0-214A66C12BF0}.Debug|Any CPU.Build.0 = Debug|Any CPU
		{6C8D9C21-99E2-4144-B6F0-214A66C12BF0}.Release|Any CPU.ActiveCfg = Release|Any CPU
		{6C8D9C21-99E2-4144-B6F0-214A66C12BF0}.Release|Any CPU.Build.0 = Release|Any CPU
		{F1E90C17-9922-4702-A888-E6A2EEB75AAA}.Debug|Any CPU.ActiveCfg = Debug|Any CPU
		{F1E90C17-9922-4702-A888-E6A2EEB75AAA}.Debug|Any CPU.Build.0 = Debug|Any CPU
		{F1E90C17-9922-4702-A888-E6A2EEB75AAA}.Release|Any CPU.ActiveCfg = Release|Any CPU
		{F1E90C17-9922-4702-A888-E6A2EEB75AAA}.Release|Any CPU.Build.0 = Release|Any CPU
		{629E4C69-FB29-4375-ABD9-F0D08D15C7D5}.Debug|Any CPU.ActiveCfg = Debug|Any CPU
		{629E4C69-FB29-4375-ABD9-F0D08D15C7D5}.Debug|Any CPU.Build.0 = Debug|Any CPU
		{629E4C69-FB29-4375-ABD9-F0D08D15C7D5}.Release|Any CPU.ActiveCfg = Release|Any CPU
		{629E4C69-FB29-4375-ABD9-F0D08D15C7D5}.Release|Any CPU.Build.0 = Release|Any CPU
		{1A9031EE-1452-47B1-9661-A41DD654D818}.Debug|Any CPU.ActiveCfg = Debug|Any CPU
		{1A9031EE-1452-47B1-9661-A41DD654D818}.Debug|Any CPU.Build.0 = Debug|Any CPU
		{1A9031EE-1452-47B1-9661-A41DD654D818}.Release|Any CPU.ActiveCfg = Release|Any CPU
		{1A9031EE-1452-47B1-9661-A41DD654D818}.Release|Any CPU.Build.0 = Release|Any CPU
		{9A880A73-A890-4E71-92C8-CD4616A20238}.Debug|Any CPU.ActiveCfg = Debug|Any CPU
		{9A880A73-A890-4E71-92C8-CD4616A20238}.Debug|Any CPU.Build.0 = Debug|Any CPU
		{9A880A73-A890-4E71-92C8-CD4616A20238}.Release|Any CPU.ActiveCfg = Release|Any CPU
		{9A880A73-A890-4E71-92C8-CD4616A20238}.Release|Any CPU.Build.0 = Release|Any CPU
		{4D87C9AA-72ED-4280-B6CC-6D78662B6F91}.Debug|Any CPU.ActiveCfg = Debug|Any CPU
		{4D87C9AA-72ED-4280-B6CC-6D78662B6F91}.Debug|Any CPU.Build.0 = Debug|Any CPU
		{4D87C9AA-72ED-4280-B6CC-6D78662B6F91}.Release|Any CPU.ActiveCfg = Release|Any CPU
		{4D87C9AA-72ED-4280-B6CC-6D78662B6F91}.Release|Any CPU.Build.0 = Release|Any CPU
		{1FC9E604-5FBF-4791-9AC1-AC1F295729C1}.Debug|Any CPU.ActiveCfg = Debug|Any CPU
		{1FC9E604-5FBF-4791-9AC1-AC1F295729C1}.Debug|Any CPU.Build.0 = Debug|Any CPU
		{1FC9E604-5FBF-4791-9AC1-AC1F295729C1}.Release|Any CPU.ActiveCfg = Release|Any CPU
		{1FC9E604-5FBF-4791-9AC1-AC1F295729C1}.Release|Any CPU.Build.0 = Release|Any CPU
		{A0AF0B6E-B376-4308-B012-FE49783FA3C9}.Debug|Any CPU.ActiveCfg = Debug|Any CPU
		{A0AF0B6E-B376-4308-B012-FE49783FA3C9}.Debug|Any CPU.Build.0 = Debug|Any CPU
		{A0AF0B6E-B376-4308-B012-FE49783FA3C9}.Release|Any CPU.ActiveCfg = Release|Any CPU
		{A0AF0B6E-B376-4308-B012-FE49783FA3C9}.Release|Any CPU.Build.0 = Release|Any CPU
		{1090669B-01B3-4AC8-85BE-F5DB4B43A629}.Debug|Any CPU.ActiveCfg = Debug|Any CPU
		{1090669B-01B3-4AC8-85BE-F5DB4B43A629}.Debug|Any CPU.Build.0 = Debug|Any CPU
		{1090669B-01B3-4AC8-85BE-F5DB4B43A629}.Release|Any CPU.ActiveCfg = Release|Any CPU
		{1090669B-01B3-4AC8-85BE-F5DB4B43A629}.Release|Any CPU.Build.0 = Release|Any CPU
		{100C7F6A-CB60-43E4-A20D-7D44DEB42FEB}.Debug|Any CPU.ActiveCfg = Debug|Any CPU
		{100C7F6A-CB60-43E4-A20D-7D44DEB42FEB}.Debug|Any CPU.Build.0 = Debug|Any CPU
		{100C7F6A-CB60-43E4-A20D-7D44DEB42FEB}.Release|Any CPU.ActiveCfg = Release|Any CPU
		{100C7F6A-CB60-43E4-A20D-7D44DEB42FEB}.Release|Any CPU.Build.0 = Release|Any CPU
	EndGlobalSection
	GlobalSection(SolutionProperties) = preSolution
		HideSolutionNode = FALSE
	EndGlobalSection
	GlobalSection(NestedProjects) = preSolution
		{07BEC236-D327-4072-9E26-B44B17AA0F29} = {D5CE56CB-E307-45E4-A9FF-272AD209F316}
		{D15DFF22-0C23-41BD-86D2-2FF1E6568D32} = {D5CE56CB-E307-45E4-A9FF-272AD209F316}
		{C801B43D-C664-460C-8923-170D829C4C1D} = {D5CE56CB-E307-45E4-A9FF-272AD209F316}
		{67F169AB-E06B-4878-BE32-DA0BBD699461} = {7418924D-1F3D-4586-AAFF-5865706100C5}
		{E098F299-13EC-447F-8D3E-03CC755F4578} = {7418924D-1F3D-4586-AAFF-5865706100C5}
		{061BBAED-9644-4A4B-8503-D3AC9C8E2CE7} = {7418924D-1F3D-4586-AAFF-5865706100C5}
		{62BB9CAB-4A81-4C4A-A37C-08C2B7843DCC} = {7953BA7B-9B16-48BE-B184-64B76ADA1B5A}
		{EC0B4D33-406A-4F1F-8760-7CB807649D83} = {7953BA7B-9B16-48BE-B184-64B76ADA1B5A}
		{6C8D9C21-99E2-4144-B6F0-214A66C12BF0} = {7953BA7B-9B16-48BE-B184-64B76ADA1B5A}
		{F1E90C17-9922-4702-A888-E6A2EEB75AAA} = {827B93BC-51CA-4972-AF39-A22BB4E47384}
		{629E4C69-FB29-4375-ABD9-F0D08D15C7D5} = {827B93BC-51CA-4972-AF39-A22BB4E47384}
		{1A9031EE-1452-47B1-9661-A41DD654D818} = {827B93BC-51CA-4972-AF39-A22BB4E47384}
		{9A880A73-A890-4E71-92C8-CD4616A20238} = {763DB3AA-A889-46FB-B7AC-FB85BF6BBE87}
		{4D87C9AA-72ED-4280-B6CC-6D78662B6F91} = {763DB3AA-A889-46FB-B7AC-FB85BF6BBE87}
		{1FC9E604-5FBF-4791-9AC1-AC1F295729C1} = {763DB3AA-A889-46FB-B7AC-FB85BF6BBE87}
		{A0AF0B6E-B376-4308-B012-FE49783FA3C9} = {425B7C77-6BE5-4697-B636-6D0BB121469D}
		{1090669B-01B3-4AC8-85BE-F5DB4B43A629} = {425B7C77-6BE5-4697-B636-6D0BB121469D}
		{100C7F6A-CB60-43E4-A20D-7D44DEB42FEB} = {425B7C77-6BE5-4697-B636-6D0BB121469D}
	EndGlobalSection
	GlobalSection(ExtensibilityGlobals) = postSolution
		SolutionGuid = {CDB5EADB-6C12-4425-81B3-F458FE15EC67}
	EndGlobalSection
EndGlobal
